
Microsoft Visual Studio Solution File, Format Version 12.00
# Visual Studio Version 17
VisualStudioVersion = 17.4.33103.184
MinimumVisualStudioVersion = 10.0.40219.1
Project("{FAE04EC0-301F-11D3-BF4B-00C04F79EFBC}") = "СourseWork", "СourseWork.csproj", "{C99CF2BF-D232-41C8-A1E2-E77A78016252}"
EndProject
Global
	GlobalSection(SolutionConfigurationPlatforms) = preSolution
		Debug|Any CPU = Debug|Any CPU
		Release|Any CPU = Release|Any CPU
	EndGlobalSection
	GlobalSection(ProjectConfigurationPlatforms) = postSolution
		{C99CF2BF-D232-41C8-A1E2-E77A78016252}.Debug|Any CPU.ActiveCfg = Debug|Any CPU
		{C99CF2BF-D232-41C8-A1E2-E77A78016252}.Debug|Any CPU.Build.0 = Debug|Any CPU
		{C99CF2BF-D232-41C8-A1E2-E77A78016252}.Release|Any CPU.ActiveCfg = Release|Any CPU
		{C99CF2BF-D232-41C8-A1E2-E77A78016252}.Release|Any CPU.Build.0 = Release|Any CPU
	EndGlobalSection
	GlobalSection(SolutionProperties) = preSolution
		HideSolutionNode = FALSE
	EndGlobalSection
	GlobalSection(ExtensibilityGlobals) = postSolution
		SolutionGuid = {119EF30B-57EC-4E9A-885E-22FB1208D38A}
	EndGlobalSection
EndGlobal
